
Microsoft Visual Studio Solution File, Format Version 11.00
# Visual Studio 2010
Project("{FAE04EC0-301F-11D3-BF4B-00C04F79EFBC}") = "3D Viewer", "Assembly-CSharp.csproj", "{0F3BA85E-FE6D-CA68-9F57-3D56E5285F7D}"
EndProject
Global
	GlobalSection(SolutionConfigurationPlatforms) = preSolution
		Debug|Any CPU = Debug|Any CPU
		Release|Any CPU = Release|Any CPU
	EndGlobalSection
	GlobalSection(ProjectConfigurationPlatforms) = postSolution
		{0F3BA85E-FE6D-CA68-9F57-3D56E5285F7D}.Debug|Any CPU.ActiveCfg = Debug|Any CPU
		{0F3BA85E-FE6D-CA68-9F57-3D56E5285F7D}.Debug|Any CPU.Build.0 = Debug|Any CPU
		{0F3BA85E-FE6D-CA68-9F57-3D56E5285F7D}.Release|Any CPU.ActiveCfg = Release|Any CPU
		{0F3BA85E-FE6D-CA68-9F57-3D56E5285F7D}.Release|Any CPU.Build.0 = Release|Any CPU
	EndGlobalSection
	GlobalSection(SolutionProperties) = preSolution
		HideSolutionNode = FALSE
	EndGlobalSection
	GlobalSection(MonoDevelopProperties) = preSolution
		StartupItem = Assembly-CSharp.csproj
	EndGlobalSection
EndGlobal
